{
  "name": "hrm",
  "version": "1.0.0",
  "lockfileVersion": 3,
  "requires": true,
  "packages": {
    "": {
      "name": "hrm",
      "version": "1.0.0",
      "hasInstallScript": true,
      "license": "ISC",
      "dependencies": {
        "@rato-guras-technology/nepali-date-picker": "^1.1.0",
        "nepali-date-converter": "^3.4.0"
      }
    },
    "node_modules/@rato-guras-technology/nepali-date-picker": {
      "version": "1.1.0",
      "resolved": "https://registry.npmjs.org/@rato-guras-technology/nepali-date-picker/-/nepali-date-picker-1.1.0.tgz",
      "integrity": "sha512-gwa1xJB7GbySFQaLZ4+IbdSI/z8rMYGzKkH/ljNCXh37OfrVfFafsPwhxClVo59y3GbprRmQXuvaudDA37NIXQ==",
      "license": "MIT",
      "dependencies": {
        "tslib": "^2.8.1"
      }
    },
    "node_modules/nepali-date-converter": {
      "version": "3.4.0",
      "resolved": "https://registry.npmjs.org/nepali-date-converter/-/nepali-date-converter-3.4.0.tgz",
      "integrity": "sha512-hBojNXCQN69I533CnxNubl72uNx2Zcow9t2bOML3CxXv227s7NKA2kStUGO5xysg0SwsubTTxAO6tcg9IhS61w==",
      "license": "MIT",
      "engines": {
        "node": ">=6.0.0"
      }
    },
    "node_modules/tslib": {
      "version": "2.8.1",
      "resolved": "https://registry.npmjs.org/tslib/-/tslib-2.8.1.tgz",
      "integrity": "sha512-oJFu94HQb+KVduSUQL7wnpmqnfmLsOA/nAh6b6EH0wCEoK0/mPeXU6c3wKDV83MkOuHPRHtSXKKU99IBazS/2w==",
      "license": "0BSD"
    }
  }
}
